
Microsoft Visual Studio Solution File, Format Version 12.00
# Visual Studio Version 16
VisualStudioVersion = 16.0.29920.165
MinimumVisualStudioVersion = 10.0.40219.1
Project("{FAE04EC0-301F-11D3-BF4B-00C04F79EFBC}") = "HorizonTrain", "HorizonTrain\HorizonTrain.csproj", "{ADD170AB-ADD7-4A99-8272-F590D06532DA}"
EndProject
Global
	GlobalSection(SolutionConfigurationPlatforms) = preSolution
		Debug|Any CPU = Debug|Any CPU
		Debug|x64 = Debug|x64
		Release|Any CPU = Release|Any CPU
		Release|x64 = Release|x64
	EndGlobalSection
	GlobalSection(ProjectConfigurationPlatforms) = postSolution
		{ADD170AB-ADD7-4A99-8272-F590D06532DA}.Debug|Any CPU.ActiveCfg = Debug|Any CPU
		{ADD170AB-ADD7-4A99-8272-F590D06532DA}.Debug|Any CPU.Build.0 = Debug|Any CPU
		{ADD170AB-ADD7-4A99-8272-F590D06532DA}.Debug|x64.ActiveCfg = Debug|x64
		{ADD170AB-ADD7-4A99-8272-F590D06532DA}.Debug|x64.Build.0 = Debug|x64
		{ADD170AB-ADD7-4A99-8272-F590D06532DA}.Release|Any CPU.ActiveCfg = Release|Any CPU
		{ADD170AB-ADD7-4A99-8272-F590D06532DA}.Release|Any CPU.Build.0 = Release|Any CPU
		{ADD170AB-ADD7-4A99-8272-F590D06532DA}.Release|x64.ActiveCfg = Release|x64
		{ADD170AB-ADD7-4A99-8272-F590D06532DA}.Release|x64.Build.0 = Release|x64
	EndGlobalSection
	GlobalSection(SolutionProperties) = preSolution
		HideSolutionNode = FALSE
	EndGlobalSection
	GlobalSection(ExtensibilityGlobals) = postSolution
		SolutionGuid = {12D5E929-3D36-48BF-B8CF-FE11B6E923F1}
	EndGlobalSection
EndGlobal
